// !$*UTF8*$!
{
	archiveVersion = 1;
	classes = {
	};
	objectVersion = 46;
	objects = {

/* Begin PBXBuildFile section */
		67E3ED234B683C1B7E39FD2D /* Pods_GraderrUITests.framework in Frameworks */ = {isa = PBXBuildFile; fileRef = 1D6781BB1CC56AC395C2E8D3 /* Pods_GraderrUITests.framework */; };
		6A172A96AAC8C5D9621945E2 /* Pods_GraderrTests.framework in Frameworks */ = {isa = PBXBuildFile; fileRef = E66CB92947122E8EAB321995 /* Pods_GraderrTests.framework */; };
		EA08A30A1F39DCF3007F8E12 /* Course.swift in Sources */ = {isa = PBXBuildFile; fileRef = EA08A3091F39DCF3007F8E12 /* Course.swift */; };
		EA08A30D1F39DEE1007F8E12 /* Student.swift in Sources */ = {isa = PBXBuildFile; fileRef = EA08A30C1F39DEE1007F8E12 /* Student.swift */; };
		EA08A30F1F39DFCA007F8E12 /* Teacher.swift in Sources */ = {isa = PBXBuildFile; fileRef = EA08A30E1F39DFCA007F8E12 /* Teacher.swift */; };
		EA08A3111F39E09B007F8E12 /* Review.swift in Sources */ = {isa = PBXBuildFile; fileRef = EA08A3101F39E09B007F8E12 /* Review.swift */; };
		EA08A3131F39E3A3007F8E12 /* Field.swift in Sources */ = {isa = PBXBuildFile; fileRef = EA08A3121F39E3A3007F8E12 /* Field.swift */; };
		EA1306B81F3B283A002F30A6 /* CoreData.framework in Frameworks */ = {isa = PBXBuildFile; fileRef = EA1306B71F3B283A002F30A6 /* CoreData.framework */; };
		EA1306BA1F3B2973002F30A6 /* Login.storyboard in Resources */ = {isa = PBXBuildFile; fileRef = EA1306B91F3B2973002F30A6 /* Login.storyboard */; };
		EA1306BC1F3B2983002F30A6 /* StudentInterface.storyboard in Resources */ = {isa = PBXBuildFile; fileRef = EA1306BB1F3B2983002F30A6 /* StudentInterface.storyboard */; };
		EA1306BE1F3B2992002F30A6 /* TeacherInterface.storyboard in Resources */ = {isa = PBXBuildFile; fileRef = EA1306BD1F3B2992002F30A6 /* TeacherInterface.storyboard */; };
		EA1306C01F3B29D6002F30A6 /* LoginViewController.swift in Sources */ = {isa = PBXBuildFile; fileRef = EA1306BF1F3B29D6002F30A6 /* LoginViewController.swift */; };
		EAB3B3E31F39D99900F61136 /* AppDelegate.swift in Sources */ = {isa = PBXBuildFile; fileRef = EAB3B3E21F39D99900F61136 /* AppDelegate.swift */; };
		EAB3B3E51F39D99900F61136 /* ViewController.swift in Sources */ = {isa = PBXBuildFile; fileRef = EAB3B3E41F39D99900F61136 /* ViewController.swift */; };
		EAB3B3E81F39D99900F61136 /* Main.storyboard in Resources */ = {isa = PBXBuildFile; fileRef = EAB3B3E61F39D99900F61136 /* Main.storyboard */; };
		EAB3B3EB1F39D99900F61136 /* Graderr.xcdatamodeld in Sources */ = {isa = PBXBuildFile; fileRef = EAB3B3E91F39D99900F61136 /* Graderr.xcdatamodeld */; };
		EAB3B3ED1F39D99900F61136 /* Assets.xcassets in Resources */ = {isa = PBXBuildFile; fileRef = EAB3B3EC1F39D99900F61136 /* Assets.xcassets */; };
		EAB3B3F01F39D99900F61136 /* LaunchScreen.storyboard in Resources */ = {isa = PBXBuildFile; fileRef = EAB3B3EE1F39D99900F61136 /* LaunchScreen.storyboard */; };
		EAB3B3FB1F39D99900F61136 /* GraderrTests.swift in Sources */ = {isa = PBXBuildFile; fileRef = EAB3B3FA1F39D99900F61136 /* GraderrTests.swift */; };
		EAB3B4061F39D99900F61136 /* GraderrUITests.swift in Sources */ = {isa = PBXBuildFile; fileRef = EAB3B4051F39D99900F61136 /* GraderrUITests.swift */; };
		F00C250D0CC3D658B1948E88 /* Pods_Graderr.framework in Frameworks */ = {isa = PBXBuildFile; fileRef = BBEB0857FE4FAA21A0F83AED /* Pods_Graderr.framework */; };
/* End PBXBuildFile section */

/* Begin PBXContainerItemProxy section */
		EAB3B3F71F39D99900F61136 /* PBXContainerItemProxy */ = {
			isa = PBXContainerItemProxy;
			containerPortal = EAB3B3D71F39D99900F61136 /* Project object */;
			proxyType = 1;
			remoteGlobalIDString = EAB3B3DE1F39D99900F61136;
			remoteInfo = Graderr;
		};
		EAB3B4021F39D99900F61136 /* PBXContainerItemProxy */ = {
			isa = PBXContainerItemProxy;
			containerPortal = EAB3B3D71F39D99900F61136 /* Project object */;
			proxyType = 1;
			remoteGlobalIDString = EAB3B3DE1F39D99900F61136;
			remoteInfo = Graderr;
		};
/* End PBXContainerItemProxy section */

/* Begin PBXFileReference section */
		1D6781BB1CC56AC395C2E8D3 /* Pods_GraderrUITests.framework */ = {isa = PBXFileReference; explicitFileType = wrapper.framework; includeInIndex = 0; path = Pods_GraderrUITests.framework; sourceTree = BUILT_PRODUCTS_DIR; };
		46035A690C086BB932353C19 /* Pods-GraderrUITests.debug.xcconfig */ = {isa = PBXFileReference; includeInIndex = 1; lastKnownFileType = text.xcconfig; name = "Pods-GraderrUITests.debug.xcconfig"; path = "Pods/Target Support Files/Pods-GraderrUITests/Pods-GraderrUITests.debug.xcconfig"; sourceTree = "<group>"; };
		6495A5757EAF804F94DA0C51 /* Pods-Graderr.debug.xcconfig */ = {isa = PBXFileReference; includeInIndex = 1; lastKnownFileType = text.xcconfig; name = "Pods-Graderr.debug.xcconfig"; path = "Pods/Target Support Files/Pods-Graderr/Pods-Graderr.debug.xcconfig"; sourceTree = "<group>"; };
		68FF6D8D1EE5E651A318780E /* Pods-GraderrTests.release.xcconfig */ = {isa = PBXFileReference; includeInIndex = 1; lastKnownFileType = text.xcconfig; name = "Pods-GraderrTests.release.xcconfig"; path = "Pods/Target Support Files/Pods-GraderrTests/Pods-GraderrTests.release.xcconfig"; sourceTree = "<group>"; };
		BBEB0857FE4FAA21A0F83AED /* Pods_Graderr.framework */ = {isa = PBXFileReference; explicitFileType = wrapper.framework; includeInIndex = 0; path = Pods_Graderr.framework; sourceTree = BUILT_PRODUCTS_DIR; };
		E66CB92947122E8EAB321995 /* Pods_GraderrTests.framework */ = {isa = PBXFileReference; explicitFileType = wrapper.framework; includeInIndex = 0; path = Pods_GraderrTests.framework; sourceTree = BUILT_PRODUCTS_DIR; };
		EA08A3091F39DCF3007F8E12 /* Course.swift */ = {isa = PBXFileReference; fileEncoding = 4; lastKnownFileType = sourcecode.swift; path = Course.swift; sourceTree = "<group>"; };
		EA08A30C1F39DEE1007F8E12 /* Student.swift */ = {isa = PBXFileReference; fileEncoding = 4; lastKnownFileType = sourcecode.swift; path = Student.swift; sourceTree = "<group>"; };
		EA08A30E1F39DFCA007F8E12 /* Teacher.swift */ = {isa = PBXFileReference; fileEncoding = 4; lastKnownFileType = sourcecode.swift; path = Teacher.swift; sourceTree = "<group>"; };
		EA08A3101F39E09B007F8E12 /* Review.swift */ = {isa = PBXFileReference; fileEncoding = 4; lastKnownFileType = sourcecode.swift; path = Review.swift; sourceTree = "<group>"; };
		EA08A3121F39E3A3007F8E12 /* Field.swift */ = {isa = PBXFileReference; fileEncoding = 4; lastKnownFileType = sourcecode.swift; path = Field.swift; sourceTree = "<group>"; };
		EA1306B71F3B283A002F30A6 /* CoreData.framework */ = {isa = PBXFileReference; lastKnownFileType = wrapper.framework; name = CoreData.framework; path = System/Library/Frameworks/CoreData.framework; sourceTree = SDKROOT; };
		EA1306B91F3B2973002F30A6 /* Login.storyboard */ = {isa = PBXFileReference; fileEncoding = 4; lastKnownFileType = file.storyboard; path = Login.storyboard; sourceTree = "<group>"; };
		EA1306BB1F3B2983002F30A6 /* StudentInterface.storyboard */ = {isa = PBXFileReference; fileEncoding = 4; lastKnownFileType = file.storyboard; path = StudentInterface.storyboard; sourceTree = "<group>"; };
		EA1306BD1F3B2992002F30A6 /* TeacherInterface.storyboard */ = {isa = PBXFileReference; fileEncoding = 4; lastKnownFileType = file.storyboard; path = TeacherInterface.storyboard; sourceTree = "<group>"; };
		EA1306BF1F3B29D6002F30A6 /* LoginViewController.swift */ = {isa = PBXFileReference; fileEncoding = 4; lastKnownFileType = sourcecode.swift; path = LoginViewController.swift; sourceTree = "<group>"; };
		EAB3B3DF1F39D99900F61136 /* Graderr.app */ = {isa = PBXFileReference; explicitFileType = wrapper.application; includeInIndex = 0; path = Graderr.app; sourceTree = BUILT_PRODUCTS_DIR; };
		EAB3B3E21F39D99900F61136 /* AppDelegate.swift */ = {isa = PBXFileReference; lastKnownFileType = sourcecode.swift; path = AppDelegate.swift; sourceTree = "<group>"; };
		EAB3B3E41F39D99900F61136 /* ViewController.swift */ = {isa = PBXFileReference; lastKnownFileType = sourcecode.swift; path = ViewController.swift; sourceTree = "<group>"; };
		EAB3B3E71F39D99900F61136 /* Base */ = {isa = PBXFileReference; lastKnownFileType = file.storyboard; name = Base; path = Base.lproj/Main.storyboard; sourceTree = "<group>"; };
		EAB3B3EA1F39D99900F61136 /* Graderr.xcdatamodel */ = {isa = PBXFileReference; lastKnownFileType = wrapper.xcdatamodel; path = Graderr.xcdatamodel; sourceTree = "<group>"; };
		EAB3B3EC1F39D99900F61136 /* Assets.xcassets */ = {isa = PBXFileReference; lastKnownFileType = folder.assetcatalog; path = Assets.xcassets; sourceTree = "<group>"; };
		EAB3B3EF1F39D99900F61136 /* Base */ = {isa = PBXFileReference; lastKnownFileType = file.storyboard; name = Base; path = Base.lproj/LaunchScreen.storyboard; sourceTree = "<group>"; };
		EAB3B3F11F39D99900F61136 /* Info.plist */ = {isa = PBXFileReference; lastKnownFileType = text.plist.xml; path = Info.plist; sourceTree = "<group>"; };
		EAB3B3F61F39D99900F61136 /* GraderrTests.xctest */ = {isa = PBXFileReference; explicitFileType = wrapper.cfbundle; includeInIndex = 0; path = GraderrTests.xctest; sourceTree = BUILT_PRODUCTS_DIR; };
		EAB3B3FA1F39D99900F61136 /* GraderrTests.swift */ = {isa = PBXFileReference; lastKnownFileType = sourcecode.swift; path = GraderrTests.swift; sourceTree = "<group>"; };
		EAB3B3FC1F39D99900F61136 /* Info.plist */ = {isa = PBXFileReference; lastKnownFileType = text.plist.xml; path = Info.plist; sourceTree = "<group>"; };
		EAB3B4011F39D99900F61136 /* GraderrUITests.xctest */ = {isa = PBXFileReference; explicitFileType = wrapper.cfbundle; includeInIndex = 0; path = GraderrUITests.xctest; sourceTree = BUILT_PRODUCTS_DIR; };
		EAB3B4051F39D99900F61136 /* GraderrUITests.swift */ = {isa = PBXFileReference; lastKnownFileType = sourcecode.swift; path = GraderrUITests.swift; sourceTree = "<group>"; };
		EAB3B4071F39D99900F61136 /* Info.plist */ = {isa = PBXFileReference; lastKnownFileType = text.plist.xml; path = Info.plist; sourceTree = "<group>"; };
		F687BE3D13C7DC66EC8FAFC4 /* Pods-GraderrTests.debug.xcconfig */ = {isa = PBXFileReference; includeInIndex = 1; lastKnownFileType = text.xcconfig; name = "Pods-GraderrTests.debug.xcconfig"; path = "Pods/Target Support Files/Pods-GraderrTests/Pods-GraderrTests.debug.xcconfig"; sourceTree = "<group>"; };
		FA275949D18E2DDCD94541C6 /* Pods-Graderr.release.xcconfig */ = {isa = PBXFileReference; includeInIndex = 1; lastKnownFileType = text.xcconfig; name = "Pods-Graderr.release.xcconfig"; path = "Pods/Target Support Files/Pods-Graderr/Pods-Graderr.release.xcconfig"; sourceTree = "<group>"; };
		FDEE9318BF613630F24623FD /* Pods-GraderrUITests.release.xcconfig */ = {isa = PBXFileReference; includeInIndex = 1; lastKnownFileType = text.xcconfig; name = "Pods-GraderrUITests.release.xcconfig"; path = "Pods/Target Support Files/Pods-GraderrUITests/Pods-GraderrUITests.release.xcconfig"; sourceTree = "<group>"; };
/* End PBXFileReference section */

/* Begin PBXFrameworksBuildPhase section */
		EAB3B3DC1F39D99900F61136 /* Frameworks */ = {
			isa = PBXFrameworksBuildPhase;
			buildActionMask = 2147483647;
			files = (
				EA1306B81F3B283A002F30A6 /* CoreData.framework in Frameworks */,
				F00C250D0CC3D658B1948E88 /* Pods_Graderr.framework in Frameworks */,
			);
			runOnlyForDeploymentPostprocessing = 0;
		};
		EAB3B3F31F39D99900F61136 /* Frameworks */ = {
			isa = PBXFrameworksBuildPhase;
			buildActionMask = 2147483647;
			files = (
				6A172A96AAC8C5D9621945E2 /* Pods_GraderrTests.framework in Frameworks */,
			);
			runOnlyForDeploymentPostprocessing = 0;
		};
		EAB3B3FE1F39D99900F61136 /* Frameworks */ = {
			isa = PBXFrameworksBuildPhase;
			buildActionMask = 2147483647;
			files = (
				67E3ED234B683C1B7E39FD2D /* Pods_GraderrUITests.framework in Frameworks */,
			);
			runOnlyForDeploymentPostprocessing = 0;
		};
/* End PBXFrameworksBuildPhase section */

/* Begin PBXGroup section */
		53E4E0B7A1B1F08C1A02EB14 /* Frameworks */ = {
			isa = PBXGroup;
			children = (
				EA1306B71F3B283A002F30A6 /* CoreData.framework */,
				BBEB0857FE4FAA21A0F83AED /* Pods_Graderr.framework */,
				E66CB92947122E8EAB321995 /* Pods_GraderrTests.framework */,
				1D6781BB1CC56AC395C2E8D3 /* Pods_GraderrUITests.framework */,
			);
			name = Frameworks;
			sourceTree = "<group>";
		};
		C33721F27200B8D8668158EB /* Pods */ = {
			isa = PBXGroup;
			children = (
				6495A5757EAF804F94DA0C51 /* Pods-Graderr.debug.xcconfig */,
				FA275949D18E2DDCD94541C6 /* Pods-Graderr.release.xcconfig */,
				F687BE3D13C7DC66EC8FAFC4 /* Pods-GraderrTests.debug.xcconfig */,
				68FF6D8D1EE5E651A318780E /* Pods-GraderrTests.release.xcconfig */,
				46035A690C086BB932353C19 /* Pods-GraderrUITests.debug.xcconfig */,
				FDEE9318BF613630F24623FD /* Pods-GraderrUITests.release.xcconfig */,
			);
			name = Pods;
			sourceTree = "<group>";
		};
		EA08A3061F39DC44007F8E12 /* Storyboards */ = {
			isa = PBXGroup;
			children = (
				EAB3B3EE1F39D99900F61136 /* LaunchScreen.storyboard */,
				EAB3B3E61F39D99900F61136 /* Main.storyboard */,
				EA1306B91F3B2973002F30A6 /* Login.storyboard */,
				EA1306BB1F3B2983002F30A6 /* StudentInterface.storyboard */,
				EA1306BD1F3B2992002F30A6 /* TeacherInterface.storyboard */,
			);
			name = Storyboards;
			sourceTree = "<group>";
		};
		EA08A3071F39DC4C007F8E12 /* Controllers */ = {
			isa = PBXGroup;
			children = (
				EA1306C11F3B29DF002F30A6 /* Login */,
				EAB3B3E41F39D99900F61136 /* ViewController.swift */,
			);
			name = Controllers;
			sourceTree = "<group>";
		};
		EA08A3081F39DC91007F8E12 /* Supporting */ = {
			isa = PBXGroup;
			children = (
				EAB3B3E21F39D99900F61136 /* AppDelegate.swift */,
				EAB3B3F11F39D99900F61136 /* Info.plist */,
				EAB3B3E91F39D99900F61136 /* Graderr.xcdatamodeld */,
			);
			name = Supporting;
			sourceTree = "<group>";
		};
		EA08A30B1F39DCFF007F8E12 /* Models */ = {
			isa = PBXGroup;
			children = (
				EA08A3091F39DCF3007F8E12 /* Course.swift */,
				EA08A3101F39E09B007F8E12 /* Review.swift */,
				EA08A3121F39E3A3007F8E12 /* Field.swift */,
				EA08A30E1F39DFCA007F8E12 /* Teacher.swift */,
				EA08A30C1F39DEE1007F8E12 /* Student.swift */,
			);
			name = Models;
			sourceTree = "<group>";
		};
		EA1306C11F3B29DF002F30A6 /* Login */ = {
			isa = PBXGroup;
			children = (
				EA1306BF1F3B29D6002F30A6 /* LoginViewController.swift */,
			);
			name = Login;
			sourceTree = "<group>";
		};
		EAB3B3D61F39D99900F61136 = {
			isa = PBXGroup;
			children = (
				EAB3B3E11F39D99900F61136 /* Graderr */,
				EAB3B3F91F39D99900F61136 /* GraderrTests */,
				EAB3B4041F39D99900F61136 /* GraderrUITests */,
				EAB3B3E01F39D99900F61136 /* Products */,
				53E4E0B7A1B1F08C1A02EB14 /* Frameworks */,
				C33721F27200B8D8668158EB /* Pods */,
			);
			sourceTree = "<group>";
		};
		EAB3B3E01F39D99900F61136 /* Products */ = {
			isa = PBXGroup;
			children = (
				EAB3B3DF1F39D99900F61136 /* Graderr.app */,
				EAB3B3F61F39D99900F61136 /* GraderrTests.xctest */,
				EAB3B4011F39D99900F61136 /* GraderrUITests.xctest */,
			);
			name = Products;
			sourceTree = "<group>";
		};
		EAB3B3E11F39D99900F61136 /* Graderr */ = {
			isa = PBXGroup;
			children = (
				EA08A30B1F39DCFF007F8E12 /* Models */,
				EA08A3081F39DC91007F8E12 /* Supporting */,
				EA08A3071F39DC4C007F8E12 /* Controllers */,
				EA08A3061F39DC44007F8E12 /* Storyboards */,
				EAB3B3EC1F39D99900F61136 /* Assets.xcassets */,
			);
			path = Graderr;
			sourceTree = "<group>";
		};
		EAB3B3F91F39D99900F61136 /* GraderrTests */ = {
			isa = PBXGroup;
			children = (
				EAB3B3FA1F39D99900F61136 /* GraderrTests.swift */,
				EAB3B3FC1F39D99900F61136 /* Info.plist */,
			);
			path = GraderrTests;
			sourceTree = "<group>";
		};
		EAB3B4041F39D99900F61136 /* GraderrUITests */ = {
			isa = PBXGroup;
			children = (
				EAB3B4051F39D99900F61136 /* GraderrUITests.swift */,
				EAB3B4071F39D99900F61136 /* Info.plist */,
			);
			path = GraderrUITests;
			sourceTree = "<group>";
		};
/* End PBXGroup section */

/* Begin PBXNativeTarget section */
		EAB3B3DE1F39D99900F61136 /* Graderr */ = {
			isa = PBXNativeTarget;
			buildConfigurationList = EAB3B40A1F39D99900F61136 /* Build configuration list for PBXNativeTarget "Graderr" */;
			buildPhases = (
				50DD2540F64CA2C555E84BF8 /* [CP] Check Pods Manifest.lock */,
				EAB3B3DB1F39D99900F61136 /* Sources */,
				EAB3B3DC1F39D99900F61136 /* Frameworks */,
				EAB3B3DD1F39D99900F61136 /* Resources */,
				EC96E84ED7B597EE2E838419 /* [CP] Embed Pods Frameworks */,
				87A9B1B19CA806E97FC5AC4B /* [CP] Copy Pods Resources */,
			);
			buildRules = (
			);
			dependencies = (
			);
			name = Graderr;
			productName = Graderr;
			productReference = EAB3B3DF1F39D99900F61136 /* Graderr.app */;
			productType = "com.apple.product-type.application";
		};
		EAB3B3F51F39D99900F61136 /* GraderrTests */ = {
			isa = PBXNativeTarget;
			buildConfigurationList = EAB3B40D1F39D99900F61136 /* Build configuration list for PBXNativeTarget "GraderrTests" */;
			buildPhases = (
				6336BBA43C3FEB36DF35FE1D /* [CP] Check Pods Manifest.lock */,
				EAB3B3F21F39D99900F61136 /* Sources */,
				EAB3B3F31F39D99900F61136 /* Frameworks */,
				EAB3B3F41F39D99900F61136 /* Resources */,
				CF062A970336A1EB0C554CD3 /* [CP] Embed Pods Frameworks */,
				A67D9509FF396A30B952B1F8 /* [CP] Copy Pods Resources */,
			);
			buildRules = (
			);
			dependencies = (
				EAB3B3F81F39D99900F61136 /* PBXTargetDependency */,
			);
			name = GraderrTests;
			productName = GraderrTests;
			productReference = EAB3B3F61F39D99900F61136 /* GraderrTests.xctest */;
			productType = "com.apple.product-type.bundle.unit-test";
		};
		EAB3B4001F39D99900F61136 /* GraderrUITests */ = {
			isa = PBXNativeTarget;
			buildConfigurationList = EAB3B4101F39D99900F61136 /* Build configuration list for PBXNativeTarget "GraderrUITests" */;
			buildPhases = (
				C30E2117AA8E727588172805 /* [CP] Check Pods Manifest.lock */,
				EAB3B3FD1F39D99900F61136 /* Sources */,
				EAB3B3FE1F39D99900F61136 /* Frameworks */,
				EAB3B3FF1F39D99900F61136 /* Resources */,
				AD474F504AF459A92ED95567 /* [CP] Embed Pods Frameworks */,
				3FE26FB623B35BCDABA93A01 /* [CP] Copy Pods Resources */,
			);
			buildRules = (
			);
			dependencies = (
				EAB3B4031F39D99900F61136 /* PBXTargetDependency */,
			);
			name = GraderrUITests;
			productName = GraderrUITests;
			productReference = EAB3B4011F39D99900F61136 /* GraderrUITests.xctest */;
			productType = "com.apple.product-type.bundle.ui-testing";
		};
/* End PBXNativeTarget section */

/* Begin PBXProject section */
		EAB3B3D71F39D99900F61136 /* Project object */ = {
			isa = PBXProject;
			attributes = {
				LastSwiftUpdateCheck = 0830;
				LastUpgradeCheck = 0830;
				ORGANIZATIONNAME = "Sean Strong";
				TargetAttributes = {
					EAB3B3DE1F39D99900F61136 = {
						CreatedOnToolsVersion = 8.3.2;
						DevelopmentTeam = 3K4TLB79RR;
						ProvisioningStyle = Automatic;
					};
					EAB3B3F51F39D99900F61136 = {
						CreatedOnToolsVersion = 8.3.2;
						DevelopmentTeam = 3K4TLB79RR;
						ProvisioningStyle = Automatic;
						TestTargetID = EAB3B3DE1F39D99900F61136;
					};
					EAB3B4001F39D99900F61136 = {
						CreatedOnToolsVersion = 8.3.2;
						DevelopmentTeam = 3K4TLB79RR;
						ProvisioningStyle = Automatic;
						TestTargetID = EAB3B3DE1F39D99900F61136;
					};
				};
			};
			buildConfigurationList = EAB3B3DA1F39D99900F61136 /* Build configuration list for PBXProject "Graderr" */;
			compatibilityVersion = "Xcode 3.2";
			developmentRegion = English;
			hasScannedForEncodings = 0;
			knownRegions = (
				en,
				Base,
			);
			mainGroup = EAB3B3D61F39D99900F61136;
			productRefGroup = EAB3B3E01F39D99900F61136 /* Products */;
			projectDirPath = "";
			projectRoot = "";
			targets = (
				EAB3B3DE1F39D99900F61136 /* Graderr */,
				EAB3B3F51F39D99900F61136 /* GraderrTests */,
				EAB3B4001F39D99900F61136 /* GraderrUITests */,
			);
		};
/* End PBXProject section */

/* Begin PBXResourcesBuildPhase section */
		EAB3B3DD1F39D99900F61136 /* Resources */ = {
			isa = PBXResourcesBuildPhase;
			buildActionMask = 2147483647;
			files = (
				EA1306BA1F3B2973002F30A6 /* Login.storyboard in Resources */,
				EAB3B3F01F39D99900F61136 /* LaunchScreen.storyboard in Resources */,
				EAB3B3ED1F39D99900F61136 /* Assets.xcassets in Resources */,
				EA1306BE1F3B2992002F30A6 /* TeacherInterface.storyboard in Resources */,
				EA1306BC1F3B2983002F30A6 /* StudentInterface.storyboard in Resources */,
				EAB3B3E81F39D99900F61136 /* Main.storyboard in Resources */,
			);
			runOnlyForDeploymentPostprocessing = 0;
		};
		EAB3B3F41F39D99900F61136 /* Resources */ = {
			isa = PBXResourcesBuildPhase;
			buildActionMask = 2147483647;
			files = (
			);
			runOnlyForDeploymentPostprocessing = 0;
		};
		EAB3B3FF1F39D99900F61136 /* Resources */ = {
			isa = PBXResourcesBuildPhase;
			buildActionMask = 2147483647;
			files = (
			);
			runOnlyForDeploymentPostprocessing = 0;
		};
/* End PBXResourcesBuildPhase section */

/* Begin PBXShellScriptBuildPhase section */
		3FE26FB623B35BCDABA93A01 /* [CP] Copy Pods Resources */ = {
			isa = PBXShellScriptBuildPhase;
			buildActionMask = 2147483647;
			files = (
			);
			inputPaths = (
			);
			name = "[CP] Copy Pods Resources";
			outputPaths = (
			);
			runOnlyForDeploymentPostprocessing = 0;
			shellPath = /bin/sh;
			shellScript = "\"${SRCROOT}/Pods/Target Support Files/Pods-GraderrUITests/Pods-GraderrUITests-resources.sh\"\n";
			showEnvVarsInLog = 0;
		};
		50DD2540F64CA2C555E84BF8 /* [CP] Check Pods Manifest.lock */ = {
			isa = PBXShellScriptBuildPhase;
			buildActionMask = 2147483647;
			files = (
			);
			inputPaths = (
			);
			name = "[CP] Check Pods Manifest.lock";
			outputPaths = (
			);
			runOnlyForDeploymentPostprocessing = 0;
			shellPath = /bin/sh;
			shellScript = "diff \"${PODS_PODFILE_DIR_PATH}/Podfile.lock\" \"${PODS_ROOT}/Manifest.lock\" > /dev/null\nif [ $? != 0 ] ; then\n    # print error to STDERR\n    echo \"error: The sandbox is not in sync with the Podfile.lock. Run 'pod install' or update your CocoaPods installation.\" >&2\n    exit 1\nfi\n";
			showEnvVarsInLog = 0;
		};
		6336BBA43C3FEB36DF35FE1D /* [CP] Check Pods Manifest.lock */ = {
			isa = PBXShellScriptBuildPhase;
			buildActionMask = 2147483647;
			files = (
			);
			inputPaths = (
			);
			name = "[CP] Check Pods Manifest.lock";
			outputPaths = (
			);
			runOnlyForDeploymentPostprocessing = 0;
			shellPath = /bin/sh;
			shellScript = "diff \"${PODS_PODFILE_DIR_PATH}/Podfile.lock\" \"${PODS_ROOT}/Manifest.lock\" > /dev/null\nif [ $? != 0 ] ; then\n    # print error to STDERR\n    echo \"error: The sandbox is not in sync with the Podfile.lock. Run 'pod install' or update your CocoaPods installation.\" >&2\n    exit 1\nfi\n";
			showEnvVarsInLog = 0;
		};
		87A9B1B19CA806E97FC5AC4B /* [CP] Copy Pods Resources */ = {
			isa = PBXShellScriptBuildPhase;
			buildActionMask = 2147483647;
			files = (
			);
			inputPaths = (
			);
			name = "[CP] Copy Pods Resources";
			outputPaths = (
			);
			runOnlyForDeploymentPostprocessing = 0;
			shellPath = /bin/sh;
			shellScript = "\"${SRCROOT}/Pods/Target Support Files/Pods-Graderr/Pods-Graderr-resources.sh\"\n";
			showEnvVarsInLog = 0;
		};
		A67D9509FF396A30B952B1F8 /* [CP] Copy Pods Resources */ = {
			isa = PBXShellScriptBuildPhase;
			buildActionMask = 2147483647;
			files = (
			);
			inputPaths = (
			);
			name = "[CP] Copy Pods Resources";
			outputPaths = (
			);
			runOnlyForDeploymentPostprocessing = 0;
			shellPath = /bin/sh;
			shellScript = "\"${SRCROOT}/Pods/Target Support Files/Pods-GraderrTests/Pods-GraderrTests-resources.sh\"\n";
			showEnvVarsInLog = 0;
		};
		AD474F504AF459A92ED95567 /* [CP] Embed Pods Frameworks */ = {
			isa = PBXShellScriptBuildPhase;
			buildActionMask = 2147483647;
			files = (
			);
			inputPaths = (
			);
			name = "[CP] Embed Pods Frameworks";
			outputPaths = (
			);
			runOnlyForDeploymentPostprocessing = 0;
			shellPath = /bin/sh;
			shellScript = "\"${SRCROOT}/Pods/Target Support Files/Pods-GraderrUITests/Pods-GraderrUITests-frameworks.sh\"\n";
			showEnvVarsInLog = 0;
		};
		C30E2117AA8E727588172805 /* [CP] Check Pods Manifest.lock */ = {
			isa = PBXShellScriptBuildPhase;
			buildActionMask = 2147483647;
			files = (
			);
			inputPaths = (
			);
			name = "[CP] Check Pods Manifest.lock";
			outputPaths = (
			);
			runOnlyForDeploymentPostprocessing = 0;
			shellPath = /bin/sh;
			shellScript = "diff \"${PODS_PODFILE_DIR_PATH}/Podfile.lock\" \"${PODS_ROOT}/Manifest.lock\" > /dev/null\nif [ $? != 0 ] ; then\n    # print error to STDERR\n    echo \"error: The sandbox is not in sync with the Podfile.lock. Run 'pod install' or update your CocoaPods installation.\" >&2\n    exit 1\nfi\n";
			showEnvVarsInLog = 0;
		};
		CF062A970336A1EB0C554CD3 /* [CP] Embed Pods Frameworks */ = {
			isa = PBXShellScriptBuildPhase;
			buildActionMask = 2147483647;
			files = (
			);
			inputPaths = (
			);
			name = "[CP] Embed Pods Frameworks";
			outputPaths = (
			);
			runOnlyForDeploymentPostprocessing = 0;
			shellPath = /bin/sh;
			shellScript = "\"${SRCROOT}/Pods/Target Support Files/Pods-GraderrTests/Pods-GraderrTests-frameworks.sh\"\n";
			showEnvVarsInLog = 0;
		};
		EC96E84ED7B597EE2E838419 /* [CP] Embed Pods Frameworks */ = {
			isa = PBXShellScriptBuildPhase;
			buildActionMask = 2147483647;
			files = (
			);
			inputPaths = (
			);
			name = "[CP] Embed Pods Frameworks";
			outputPaths = (
			);
			runOnlyForDeploymentPostprocessing = 0;
			shellPath = /bin/sh;
			shellScript = "\"${SRCROOT}/Pods/Target Support Files/Pods-Graderr/Pods-Graderr-frameworks.sh\"\n";
			showEnvVarsInLog = 0;
		};
/* End PBXShellScriptBuildPhase section */

/* Begin PBXSourcesBuildPhase section */
		EAB3B3DB1F39D99900F61136 /* Sources */ = {
			isa = PBXSourcesBuildPhase;
			buildActionMask = 2147483647;
			files = (
				EA1306C01F3B29D6002F30A6 /* LoginViewController.swift in Sources */,
				EA08A30F1F39DFCA007F8E12 /* Teacher.swift in Sources */,
				EA08A30A1F39DCF3007F8E12 /* Course.swift in Sources */,
				EA08A3131F39E3A3007F8E12 /* Field.swift in Sources */,
				EA08A3111F39E09B007F8E12 /* Review.swift in Sources */,
				EAB3B3EB1F39D99900F61136 /* Graderr.xcdatamodeld in Sources */,
				EAB3B3E51F39D99900F61136 /* ViewController.swift in Sources */,
				EA08A30D1F39DEE1007F8E12 /* Student.swift in Sources */,
				EAB3B3E31F39D99900F61136 /* AppDelegate.swift in Sources */,
			);
			runOnlyForDeploymentPostprocessing = 0;
		};
		EAB3B3F21F39D99900F61136 /* Sources */ = {
			isa = PBXSourcesBuildPhase;
			buildActionMask = 2147483647;
			files = (
				EAB3B3FB1F39D99900F61136 /* GraderrTests.swift in Sources */,
			);
			runOnlyForDeploymentPostprocessing = 0;
		};
		EAB3B3FD1F39D99900F61136 /* Sources */ = {
			isa = PBXSourcesBuildPhase;
			buildActionMask = 2147483647;
			files = (
				EAB3B4061F39D99900F61136 /* GraderrUITests.swift in Sources */,
			);
			runOnlyForDeploymentPostprocessing = 0;
		};
/* End PBXSourcesBuildPhase section */

/* Begin PBXTargetDependency section */
		EAB3B3F81F39D99900F61136 /* PBXTargetDependency */ = {
			isa = PBXTargetDependency;
			target = EAB3B3DE1F39D99900F61136 /* Graderr */;
			targetProxy = EAB3B3F71F39D99900F61136 /* PBXContainerItemProxy */;
		};
		EAB3B4031F39D99900F61136 /* PBXTargetDependency */ = {
			isa = PBXTargetDependency;
			target = EAB3B3DE1F39D99900F61136 /* Graderr */;
			targetProxy = EAB3B4021F39D99900F61136 /* PBXContainerItemProxy */;
		};
/* End PBXTargetDependency section */

/* Begin PBXVariantGroup section */
		EAB3B3E61F39D99900F61136 /* Main.storyboard */ = {
			isa = PBXVariantGroup;
			children = (
				EAB3B3E71F39D99900F61136 /* Base */,
			);
			name = Main.storyboard;
			sourceTree = "<group>";
		};
		EAB3B3EE1F39D99900F61136 /* LaunchScreen.storyboard */ = {
			isa = PBXVariantGroup;
			children = (
				EAB3B3EF1F39D99900F61136 /* Base */,
			);
			name = LaunchScreen.storyboard;
			sourceTree = "<group>";
		};
/* End PBXVariantGroup section */

/* Begin XCBuildConfiguration section */
		EAB3B4081F39D99900F61136 /* Debug */ = {
			isa = XCBuildConfiguration;
			buildSettings = {
				ALWAYS_SEARCH_USER_PATHS = NO;
				ARCHS = "$(ARCHS_STANDARD_32_BIT)";
				CLANG_ANALYZER_NONNULL = YES;
				CLANG_ANALYZER_NUMBER_OBJECT_CONVERSION = YES_AGGRESSIVE;
				CLANG_CXX_LANGUAGE_STANDARD = "gnu++0x";
				CLANG_CXX_LIBRARY = "libc++";
				CLANG_ENABLE_MODULES = YES;
				CLANG_ENABLE_OBJC_ARC = YES;
				CLANG_WARN_BOOL_CONVERSION = YES;
				CLANG_WARN_CONSTANT_CONVERSION = YES;
				CLANG_WARN_DIRECT_OBJC_ISA_USAGE = YES_ERROR;
				CLANG_WARN_DOCUMENTATION_COMMENTS = YES;
				CLANG_WARN_EMPTY_BODY = YES;
				CLANG_WARN_ENUM_CONVERSION = YES;
				CLANG_WARN_INFINITE_RECURSION = YES;
				CLANG_WARN_INT_CONVERSION = YES;
				CLANG_WARN_OBJC_ROOT_CLASS = YES_ERROR;
				CLANG_WARN_SUSPICIOUS_MOVE = YES;
				CLANG_WARN_UNREACHABLE_CODE = YES;
				CLANG_WARN__DUPLICATE_METHOD_MATCH = YES;
				"CODE_SIGN_IDENTITY[sdk=iphoneos*]" = "iPhone Developer";
				COPY_PHASE_STRIP = NO;
				DEBUG_INFORMATION_FORMAT = dwarf;
				ENABLE_STRICT_OBJC_MSGSEND = YES;
				ENABLE_TESTABILITY = YES;
				GCC_C_LANGUAGE_STANDARD = gnu99;
				GCC_DYNAMIC_NO_PIC = NO;
				GCC_NO_COMMON_BLOCKS = YES;
				GCC_OPTIMIZATION_LEVEL = 0;
				GCC_PREPROCESSOR_DEFINITIONS = (
					"DEBUG=1",
					"$(inherited)",
				);
				GCC_WARN_64_TO_32_BIT_CONVERSION = YES;
				GCC_WARN_ABOUT_RETURN_TYPE = YES_ERROR;
				GCC_WARN_UNDECLARED_SELECTOR = YES;
				GCC_WARN_UNINITIALIZED_AUTOS = YES_AGGRESSIVE;
				GCC_WARN_UNUSED_FUNCTION = YES;
				GCC_WARN_UNUSED_VARIABLE = YES;
				IPHONEOS_DEPLOYMENT_TARGET = 10.0;
				MTL_ENABLE_DEBUG_INFO = YES;
				ONLY_ACTIVE_ARCH = NO;
				SDKROOT = iphoneos;
				SWIFT_ACTIVE_COMPILATION_CONDITIONS = DEBUG;
				SWIFT_OPTIMIZATION_LEVEL = "-Onone";
			};
			name = Debug;
		};
		EAB3B4091F39D99900F61136 /* Release */ = {
			isa = XCBuildConfiguration;
			buildSettings = {
				ALWAYS_SEARCH_USER_PATHS = NO;
				ARCHS = "$(ARCHS_STANDARD_32_BIT)";
				CLANG_ANALYZER_NONNULL = YES;
				CLANG_ANALYZER_NUMBER_OBJECT_CONVERSION = YES_AGGRESSIVE;
				CLANG_CXX_LANGUAGE_STANDARD = "gnu++0x";
				CLANG_CXX_LIBRARY = "libc++";
				CLANG_ENABLE_MODULES = YES;
				CLANG_ENABLE_OBJC_ARC = YES;
				CLANG_WARN_BOOL_CONVERSION = YES;
				CLANG_WARN_CONSTANT_CONVERSION = YES;
				CLANG_WARN_DIRECT_OBJC_ISA_USAGE = YES_ERROR;
				CLANG_WARN_DOCUMENTATION_COMMENTS = YES;
				CLANG_WARN_EMPTY_BODY = YES;
				CLANG_WARN_ENUM_CONVERSION = YES;
				CLANG_WARN_INFINITE_RECURSION = YES;
				CLANG_WARN_INT_CONVERSION = YES;
				CLANG_WARN_OBJC_ROOT_CLASS = YES_ERROR;
				CLANG_WARN_SUSPICIOUS_MOVE = YES;
				CLANG_WARN_UNREACHABLE_CODE = YES;
				CLANG_WARN__DUPLICATE_METHOD_MATCH = YES;
				"CODE_SIGN_IDENTITY[sdk=iphoneos*]" = "iPhone Developer";
				COPY_PHASE_STRIP = NO;
				DEBUG_INFORMATION_FORMAT = "dwarf-with-dsym";
				ENABLE_NS_ASSERTIONS = NO;
				ENABLE_STRICT_OBJC_MSGSEND = YES;
				GCC_C_LANGUAGE_STANDARD = gnu99;
				GCC_NO_COMMON_BLOCKS = YES;
				GCC_WARN_64_TO_32_BIT_CONVERSION = YES;
				GCC_WARN_ABOUT_RETURN_TYPE = YES_ERROR;
				GCC_WARN_UNDECLARED_SELECTOR = YES;
				GCC_WARN_UNINITIALIZED_AUTOS = YES_AGGRESSIVE;
				GCC_WARN_UNUSED_FUNCTION = YES;
				GCC_WARN_UNUSED_VARIABLE = YES;
				IPHONEOS_DEPLOYMENT_TARGET = 10.0;
				MTL_ENABLE_DEBUG_INFO = NO;
				ONLY_ACTIVE_ARCH = NO;
				SDKROOT = iphoneos;
				SWIFT_OPTIMIZATION_LEVEL = "-Owholemodule";
				VALIDATE_PRODUCT = YES;
			};
			name = Release;
		};
		EAB3B40B1F39D99900F61136 /* Debug */ = {
			isa = XCBuildConfiguration;
			baseConfigurationReference = 6495A5757EAF804F94DA0C51 /* Pods-Graderr.debug.xcconfig */;
			buildSettings = {
				ASSETCATALOG_COMPILER_APPICON_NAME = AppIcon;
				DEVELOPMENT_TEAM = 3K4TLB79RR;
				INFOPLIST_FILE = Graderr/Info.plist;
				IPHONEOS_DEPLOYMENT_TARGET = 10.3;
				LD_RUNPATH_SEARCH_PATHS = "$(inherited) @executable_path/Frameworks";
				PRODUCT_BUNDLE_IDENTIFIER = ststrong.Graderr;
				PRODUCT_NAME = "$(TARGET_NAME)";
				SWIFT_VERSION = 3.0;
				VALID_ARCHS = "armv7 armv7s";
			};
			name = Debug;
		};
		EAB3B40C1F39D99900F61136 /* Release */ = {
			isa = XCBuildConfiguration;
			baseConfigurationReference = FA275949D18E2DDCD94541C6 /* Pods-Graderr.release.xcconfig */;
			buildSettings = {
				ASSETCATALOG_COMPILER_APPICON_NAME = AppIcon;
				DEVELOPMENT_TEAM = 3K4TLB79RR;
				INFOPLIST_FILE = Graderr/Info.plist;
				IPHONEOS_DEPLOYMENT_TARGET = 10.3;
				LD_RUNPATH_SEARCH_PATHS = "$(inherited) @executable_path/Frameworks";
				PRODUCT_BUNDLE_IDENTIFIER = ststrong.Graderr;
				PRODUCT_NAME = "$(TARGET_NAME)";
				SWIFT_VERSION = 3.0;
				VALID_ARCHS = "armv7 armv7s";
			};
			name = Release;
		};
		EAB3B40E1F39D99900F61136 /* Debug */ = {
			isa = XCBuildConfiguration;
			baseConfigurationReference = F687BE3D13C7DC66EC8FAFC4 /* Pods-GraderrTests.debug.xcconfig */;
			buildSettings = {
				ALWAYS_EMBED_SWIFT_STANDARD_LIBRARIES = YES;
				BUNDLE_LOADER = "$(TEST_HOST)";
				DEVELOPMENT_TEAM = 3K4TLB79RR;
				INFOPLIST_FILE = GraderrTests/Info.plist;
				LD_RUNPATH_SEARCH_PATHS = "$(inherited) @executable_path/Frameworks @loader_path/Frameworks";
				PRODUCT_BUNDLE_IDENTIFIER = ststrong.GraderrTests;
				PRODUCT_NAME = "$(TARGET_NAME)";
				SWIFT_VERSION = 3.0;
				TEST_HOST = "$(BUILT_PRODUCTS_DIR)/Graderr.app/Graderr";
			};
			name = Debug;
		};
		EAB3B40F1F39D99900F61136 /* Release */ = {
			isa = XCBuildConfiguration;
			baseConfigurationReference = 68FF6D8D1EE5E651A318780E /* Pods-GraderrTests.release.xcconfig */;
			buildSettings = {
				ALWAYS_EMBED_SWIFT_STANDARD_LIBRARIES = YES;
				BUNDLE_LOADER = "$(TEST_HOST)";
				DEVELOPMENT_TEAM = 3K4TLB79RR;
				INFOPLIST_FILE = GraderrTests/Info.plist;
				LD_RUNPATH_SEARCH_PATHS = "$(inherited) @executable_path/Frameworks @loader_path/Frameworks";
				PRODUCT_BUNDLE_IDENTIFIER = ststrong.GraderrTests;
				PRODUCT_NAME = "$(TARGET_NAME)";
				SWIFT_VERSION = 3.0;
				TEST_HOST = "$(BUILT_PRODUCTS_DIR)/Graderr.app/Graderr";
			};
			name = Release;
		};
		EAB3B4111F39D99900F61136 /* Debug */ = {
			isa = XCBuildConfiguration;
			baseConfigurationReference = 46035A690C086BB932353C19 /* Pods-GraderrUITests.debug.xcconfig */;
			buildSettings = {
				ALWAYS_EMBED_SWIFT_STANDARD_LIBRARIES = YES;
				DEVELOPMENT_TEAM = 3K4TLB79RR;
				INFOPLIST_FILE = GraderrUITests/Info.plist;
				LD_RUNPATH_SEARCH_PATHS = "$(inherited) @executable_path/Frameworks @loader_path/Frameworks";
				PRODUCT_BUNDLE_IDENTIFIER = ststrong.GraderrUITests;
				PRODUCT_NAME = "$(TARGET_NAME)";
				SWIFT_VERSION = 3.0;
				TEST_TARGET_NAME = Graderr;
			};
			name = Debug;
		};
		EAB3B4121F39D99900F61136 /* Release */ = {
			isa = XCBuildConfiguration;
			baseConfigurationReference = FDEE9318BF613630F24623FD /* Pods-GraderrUITests.release.xcconfig */;
			buildSettings = {
				ALWAYS_EMBED_SWIFT_STANDARD_LIBRARIES = YES;
				DEVELOPMENT_TEAM = 3K4TLB79RR;
				INFOPLIST_FILE = GraderrUITests/Info.plist;
				LD_RUNPATH_SEARCH_PATHS = "$(inherited) @executable_path/Frameworks @loader_path/Frameworks";
				PRODUCT_BUNDLE_IDENTIFIER = ststrong.GraderrUITests;
				PRODUCT_NAME = "$(TARGET_NAME)";
				SWIFT_VERSION = 3.0;
				TEST_TARGET_NAME = Graderr;
			};
			name = Release;
		};
/* End XCBuildConfiguration section */

/* Begin XCConfigurationList section */
		EAB3B3DA1F39D99900F61136 /* Build configuration list for PBXProject "Graderr" */ = {
			isa = XCConfigurationList;
			buildConfigurations = (
				EAB3B4081F39D99900F61136 /* Debug */,
				EAB3B4091F39D99900F61136 /* Release */,
			);
			defaultConfigurationIsVisible = 0;
			defaultConfigurationName = Release;
		};
		EAB3B40A1F39D99900F61136 /* Build configuration list for PBXNativeTarget "Graderr" */ = {
			isa = XCConfigurationList;
			buildConfigurations = (
				EAB3B40B1F39D99900F61136 /* Debug */,
				EAB3B40C1F39D99900F61136 /* Release */,
			);
			defaultConfigurationIsVisible = 0;
			defaultConfigurationName = Release;
		};
		EAB3B40D1F39D99900F61136 /* Build configuration list for PBXNativeTarget "GraderrTests" */ = {
			isa = XCConfigurationList;
			buildConfigurations = (
				EAB3B40E1F39D99900F61136 /* Debug */,
				EAB3B40F1F39D99900F61136 /* Release */,
			);
			defaultConfigurationIsVisible = 0;
			defaultConfigurationName = Release;
		};
		EAB3B4101F39D99900F61136 /* Build configuration list for PBXNativeTarget "GraderrUITests" */ = {
			isa = XCConfigurationList;
			buildConfigurations = (
				EAB3B4111F39D99900F61136 /* Debug */,
				EAB3B4121F39D99900F61136 /* Release */,
			);
			defaultConfigurationIsVisible = 0;
			defaultConfigurationName = Release;
		};
/* End XCConfigurationList section */

/* Begin XCVersionGroup section */
		EAB3B3E91F39D99900F61136 /* Graderr.xcdatamodeld */ = {
			isa = XCVersionGroup;
			children = (
				EAB3B3EA1F39D99900F61136 /* Graderr.xcdatamodel */,
			);
			currentVersion = EAB3B3EA1F39D99900F61136 /* Graderr.xcdatamodel */;
			path = Graderr.xcdatamodeld;
			sourceTree = "<group>";
			versionGroupType = wrapper.xcdatamodel;
		};
/* End XCVersionGroup section */
	};
	rootObject = EAB3B3D71F39D99900F61136 /* Project object */;
}
