// !$*UTF8*$!
{
	archiveVersion = 1;
	classes = {
	};
	objectVersion = 46;
	objects = {

/* Begin PBXBuildFile section */
		EAB3B3E31F39D99900F61136 /* AppDelegate.swift in Sources */ = {isa = PBXBuildFile; fileRef = EAB3B3E21F39D99900F61136 /* AppDelegate.swift */; };
		EAB3B3E51F39D99900F61136 /* ViewController.swift in Sources */ = {isa = PBXBuildFile; fileRef = EAB3B3E41F39D99900F61136 /* ViewController.swift */; };
		EAB3B3E81F39D99900F61136 /* Main.storyboard in Resources */ = {isa = PBXBuildFile; fileRef = EAB3B3E61F39D99900F61136 /* Main.storyboard */; };
		EAB3B3EB1F39D99900F61136 /* Graderr.xcdatamodeld in Sources */ = {isa = PBXBuildFile; fileRef = EAB3B3E91F39D99900F61136 /* Graderr.xcdatamodeld */; };
		EAB3B3ED1F39D99900F61136 /* Assets.xcassets in Resources */ = {isa = PBXBuildFile; fileRef = EAB3B3EC1F39D99900F61136 /* Assets.xcassets */; };
		EAB3B3F01F39D99900F61136 /* LaunchScreen.storyboard in Resources */ = {isa = PBXBuildFile; fileRef = EAB3B3EE1F39D99900F61136 /* LaunchScreen.storyboard */; };
		EAB3B3FB1F39D99900F61136 /* GraderrTests.swift in Sources */ = {isa = PBXBuildFile; fileRef = EAB3B3FA1F39D99900F61136 /* GraderrTests.swift */; };
		EAB3B4061F39D99900F61136 /* GraderrUITests.swift in Sources */ = {isa = PBXBuildFile; fileRef = EAB3B4051F39D99900F61136 /* GraderrUITests.swift */; };
/* End PBXBuildFile section */

/* Begin PBXContainerItemProxy section */
		EAB3B3F71F39D99900F61136 /* PBXContainerItemProxy */ = {
			isa = PBXContainerItemProxy;
			containerPortal = EAB3B3D71F39D99900F61136 /* Project object */;
			proxyType = 1;
			remoteGlobalIDString = EAB3B3DE1F39D99900F61136;
			remoteInfo = Graderr;
		};
		EAB3B4021F39D99900F61136 /* PBXContainerItemProxy */ = {
			isa = PBXContainerItemProxy;
			containerPortal = EAB3B3D71F39D99900F61136 /* Project object */;
			proxyType = 1;
			remoteGlobalIDString = EAB3B3DE1F39D99900F61136;
			remoteInfo = Graderr;
		};
/* End PBXContainerItemProxy section */

/* Begin PBXFileReference section */
		EAB3B3DF1F39D99900F61136 /* Graderr.app */ = {isa = PBXFileReference; explicitFileType = wrapper.application; includeInIndex = 0; path = Graderr.app; sourceTree = BUILT_PRODUCTS_DIR; };
		EAB3B3E21F39D99900F61136 /* AppDelegate.swift */ = {isa = PBXFileReference; lastKnownFileType = sourcecode.swift; path = AppDelegate.swift; sourceTree = "<group>"; };
		EAB3B3E41F39D99900F61136 /* ViewController.swift */ = {isa = PBXFileReference; lastKnownFileType = sourcecode.swift; path = ViewController.swift; sourceTree = "<group>"; };
		EAB3B3E71F39D99900F61136 /* Base */ = {isa = PBXFileReference; lastKnownFileType = file.storyboard; name = Base; path = Base.lproj/Main.storyboard; sourceTree = "<group>"; };
		EAB3B3EA1F39D99900F61136 /* Graderr.xcdatamodel */ = {isa = PBXFileReference; lastKnownFileType = wrapper.xcdatamodel; path = Graderr.xcdatamodel; sourceTree = "<group>"; };
		EAB3B3EC1F39D99900F61136 /* Assets.xcassets */ = {isa = PBXFileReference; lastKnownFileType = folder.assetcatalog; path = Assets.xcassets; sourceTree = "<group>"; };
		EAB3B3EF1F39D99900F61136 /* Base */ = {isa = PBXFileReference; lastKnownFileType = file.storyboard; name = Base; path = Base.lproj/LaunchScreen.storyboard; sourceTree = "<group>"; };
		EAB3B3F11F39D99900F61136 /* Info.plist */ = {isa = PBXFileReference; lastKnownFileType = text.plist.xml; path = Info.plist; sourceTree = "<group>"; };
		EAB3B3F61F39D99900F61136 /* GraderrTests.xctest */ = {isa = PBXFileReference; explicitFileType = wrapper.cfbundle; includeInIndex = 0; path = GraderrTests.xctest; sourceTree = BUILT_PRODUCTS_DIR; };
		EAB3B3FA1F39D99900F61136 /* GraderrTests.swift */ = {isa = PBXFileReference; lastKnownFileType = sourcecode.swift; path = GraderrTests.swift; sourceTree = "<group>"; };
		EAB3B3FC1F39D99900F61136 /* Info.plist */ = {isa = PBXFileReference; lastKnownFileType = text.plist.xml; path = Info.plist; sourceTree = "<group>"; };
		EAB3B4011F39D99900F61136 /* GraderrUITests.xctest */ = {isa = PBXFileReference; explicitFileType = wrapper.cfbundle; includeInIndex = 0; path = GraderrUITests.xctest; sourceTree = BUILT_PRODUCTS_DIR; };
		EAB3B4051F39D99900F61136 /* GraderrUITests.swift */ = {isa = PBXFileReference; lastKnownFileType = sourcecode.swift; path = GraderrUITests.swift; sourceTree = "<group>"; };
		EAB3B4071F39D99900F61136 /* Info.plist */ = {isa = PBXFileReference; lastKnownFileType = text.plist.xml; path = Info.plist; sourceTree = "<group>"; };
/* End PBXFileReference section */

/* Begin PBXFrameworksBuildPhase section */
		EAB3B3DC1F39D99900F61136 /* Frameworks */ = {
			isa = PBXFrameworksBuildPhase;
			buildActionMask = 2147483647;
			files = (
			);
			runOnlyForDeploymentPostprocessing = 0;
		};
		EAB3B3F31F39D99900F61136 /* Frameworks */ = {
			isa = PBXFrameworksBuildPhase;
			buildActionMask = 2147483647;
			files = (
			);
			runOnlyForDeploymentPostprocessing = 0;
		};
		EAB3B3FE1F39D99900F61136 /* Frameworks */ = {
			isa = PBXFrameworksBuildPhase;
			buildActionMask = 2147483647;
			files = (
			);
			runOnlyForDeploymentPostprocessing = 0;
		};
/* End PBXFrameworksBuildPhase section */

/* Begin PBXGroup section */
		EAB3B3D61F39D99900F61136 = {
			isa = PBXGroup;
			children = (
				EAB3B3E11F39D99900F61136 /* Graderr */,
				EAB3B3F91F39D99900F61136 /* GraderrTests */,
				EAB3B4041F39D99900F61136 /* GraderrUITests */,
				EAB3B3E01F39D99900F61136 /* Products */,
			);
			sourceTree = "<group>";
		};
		EAB3B3E01F39D99900F61136 /* Products */ = {
			isa = PBXGroup;
			children = (
				EAB3B3DF1F39D99900F61136 /* Graderr.app */,
				EAB3B3F61F39D99900F61136 /* GraderrTests.xctest */,
				EAB3B4011F39D99900F61136 /* GraderrUITests.xctest */,
			);
			name = Products;
			sourceTree = "<group>";
		};
		EAB3B3E11F39D99900F61136 /* Graderr */ = {
			isa = PBXGroup;
			children = (
				EAB3B3E21F39D99900F61136 /* AppDelegate.swift */,
				EAB3B3E41F39D99900F61136 /* ViewController.swift */,
				EAB3B3E61F39D99900F61136 /* Main.storyboard */,
				EAB3B3EC1F39D99900F61136 /* Assets.xcassets */,
				EAB3B3EE1F39D99900F61136 /* LaunchScreen.storyboard */,
				EAB3B3F11F39D99900F61136 /* Info.plist */,
				EAB3B3E91F39D99900F61136 /* Graderr.xcdatamodeld */,
			);
			path = Graderr;
			sourceTree = "<group>";
		};
		EAB3B3F91F39D99900F61136 /* GraderrTests */ = {
			isa = PBXGroup;
			children = (
				EAB3B3FA1F39D99900F61136 /* GraderrTests.swift */,
				EAB3B3FC1F39D99900F61136 /* Info.plist */,
			);
			path = GraderrTests;
			sourceTree = "<group>";
		};
		EAB3B4041F39D99900F61136 /* GraderrUITests */ = {
			isa = PBXGroup;
			children = (
				EAB3B4051F39D99900F61136 /* GraderrUITests.swift */,
				EAB3B4071F39D99900F61136 /* Info.plist */,
			);
			path = GraderrUITests;
			sourceTree = "<group>";
		};
/* End PBXGroup section */

/* Begin PBXNativeTarget section */
		EAB3B3DE1F39D99900F61136 /* Graderr */ = {
			isa = PBXNativeTarget;
			buildConfigurationList = EAB3B40A1F39D99900F61136 /* Build configuration list for PBXNativeTarget "Graderr" */;
			buildPhases = (
				EAB3B3DB1F39D99900F61136 /* Sources */,
				EAB3B3DC1F39D99900F61136 /* Frameworks */,
				EAB3B3DD1F39D99900F61136 /* Resources */,
			);
			buildRules = (
			);
			dependencies = (
			);
			name = Graderr;
			productName = Graderr;
			productReference = EAB3B3DF1F39D99900F61136 /* Graderr.app */;
			productType = "com.apple.product-type.application";
		};
		EAB3B3F51F39D99900F61136 /* GraderrTests */ = {
			isa = PBXNativeTarget;
			buildConfigurationList = EAB3B40D1F39D99900F61136 /* Build configuration list for PBXNativeTarget "GraderrTests" */;
			buildPhases = (
				EAB3B3F21F39D99900F61136 /* Sources */,
				EAB3B3F31F39D99900F61136 /* Frameworks */,
				EAB3B3F41F39D99900F61136 /* Resources */,
			);
			buildRules = (
			);
			dependencies = (
				EAB3B3F81F39D99900F61136 /* PBXTargetDependency */,
			);
			name = GraderrTests;
			productName = GraderrTests;
			productReference = EAB3B3F61F39D99900F61136 /* GraderrTests.xctest */;
			productType = "com.apple.product-type.bundle.unit-test";
		};
		EAB3B4001F39D99900F61136 /* GraderrUITests */ = {
			isa = PBXNativeTarget;
			buildConfigurationList = EAB3B4101F39D99900F61136 /* Build configuration list for PBXNativeTarget "GraderrUITests" */;
			buildPhases = (
				EAB3B3FD1F39D99900F61136 /* Sources */,
				EAB3B3FE1F39D99900F61136 /* Frameworks */,
				EAB3B3FF1F39D99900F61136 /* Resources */,
			);
			buildRules = (
			);
			dependencies = (
				EAB3B4031F39D99900F61136 /* PBXTargetDependency */,
			);
			name = GraderrUITests;
			productName = GraderrUITests;
			productReference = EAB3B4011F39D99900F61136 /* GraderrUITests.xctest */;
			productType = "com.apple.product-type.bundle.ui-testing";
		};
/* End PBXNativeTarget section */

/* Begin PBXProject section */
		EAB3B3D71F39D99900F61136 /* Project object */ = {
			isa = PBXProject;
			attributes = {
				LastSwiftUpdateCheck = 0830;
				LastUpgradeCheck = 0830;
				ORGANIZATIONNAME = "Sean Strong";
				TargetAttributes = {
					EAB3B3DE1F39D99900F61136 = {
						CreatedOnToolsVersion = 8.3.2;
						DevelopmentTeam = 3K4TLB79RR;
						ProvisioningStyle = Automatic;
					};
					EAB3B3F51F39D99900F61136 = {
						CreatedOnToolsVersion = 8.3.2;
						DevelopmentTeam = 3K4TLB79RR;
						ProvisioningStyle = Automatic;
						TestTargetID = EAB3B3DE1F39D99900F61136;
					};
					EAB3B4001F39D99900F61136 = {
						CreatedOnToolsVersion = 8.3.2;
						DevelopmentTeam = 3K4TLB79RR;
						ProvisioningStyle = Automatic;
						TestTargetID = EAB3B3DE1F39D99900F61136;
					};
				};
			};
			buildConfigurationList = EAB3B3DA1F39D99900F61136 /* Build configuration list for PBXProject "Graderr" */;
			compatibilityVersion = "Xcode 3.2";
			developmentRegion = English;
			hasScannedForEncodings = 0;
			knownRegions = (
				en,
				Base,
			);
			mainGroup = EAB3B3D61F39D99900F61136;
			productRefGroup = EAB3B3E01F39D99900F61136 /* Products */;
			projectDirPath = "";
			projectRoot = "";
			targets = (
				EAB3B3DE1F39D99900F61136 /* Graderr */,
				EAB3B3F51F39D99900F61136 /* GraderrTests */,
				EAB3B4001F39D99900F61136 /* GraderrUITests */,
			);
		};
/* End PBXProject section */

/* Begin PBXResourcesBuildPhase section */
		EAB3B3DD1F39D99900F61136 /* Resources */ = {
			isa = PBXResourcesBuildPhase;
			buildActionMask = 2147483647;
			files = (
				EAB3B3F01F39D99900F61136 /* LaunchScreen.storyboard in Resources */,
				EAB3B3ED1F39D99900F61136 /* Assets.xcassets in Resources */,
				EAB3B3E81F39D99900F61136 /* Main.storyboard in Resources */,
			);
			runOnlyForDeploymentPostprocessing = 0;
		};
		EAB3B3F41F39D99900F61136 /* Resources */ = {
			isa = PBXResourcesBuildPhase;
			buildActionMask = 2147483647;
			files = (
			);
			runOnlyForDeploymentPostprocessing = 0;
		};
		EAB3B3FF1F39D99900F61136 /* Resources */ = {
			isa = PBXResourcesBuildPhase;
			buildActionMask = 2147483647;
			files = (
			);
			runOnlyForDeploymentPostprocessing = 0;
		};
/* End PBXResourcesBuildPhase section */

/* Begin PBXSourcesBuildPhase section */
		EAB3B3DB1F39D99900F61136 /* Sources */ = {
			isa = PBXSourcesBuildPhase;
			buildActionMask = 2147483647;
			files = (
				EAB3B3EB1F39D99900F61136 /* Graderr.xcdatamodeld in Sources */,
				EAB3B3E51F39D99900F61136 /* ViewController.swift in Sources */,
				EAB3B3E31F39D99900F61136 /* AppDelegate.swift in Sources */,
			);
			runOnlyForDeploymentPostprocessing = 0;
		};
		EAB3B3F21F39D99900F61136 /* Sources */ = {
			isa = PBXSourcesBuildPhase;
			buildActionMask = 2147483647;
			files = (
				EAB3B3FB1F39D99900F61136 /* GraderrTests.swift in Sources */,
			);
			runOnlyForDeploymentPostprocessing = 0;
		};
		EAB3B3FD1F39D99900F61136 /* Sources */ = {
			isa = PBXSourcesBuildPhase;
			buildActionMask = 2147483647;
			files = (
				EAB3B4061F39D99900F61136 /* GraderrUITests.swift in Sources */,
			);
			runOnlyForDeploymentPostprocessing = 0;
		};
/* End PBXSourcesBuildPhase section */

/* Begin PBXTargetDependency section */
		EAB3B3F81F39D99900F61136 /* PBXTargetDependency */ = {
			isa = PBXTargetDependency;
			target = EAB3B3DE1F39D99900F61136 /* Graderr */;
			targetProxy = EAB3B3F71F39D99900F61136 /* PBXContainerItemProxy */;
		};
		EAB3B4031F39D99900F61136 /* PBXTargetDependency */ = {
			isa = PBXTargetDependency;
			target = EAB3B3DE1F39D99900F61136 /* Graderr */;
			targetProxy = EAB3B4021F39D99900F61136 /* PBXContainerItemProxy */;
		};
/* End PBXTargetDependency section */

/* Begin PBXVariantGroup section */
		EAB3B3E61F39D99900F61136 /* Main.storyboard */ = {
			isa = PBXVariantGroup;
			children = (
				EAB3B3E71F39D99900F61136 /* Base */,
			);
			name = Main.storyboard;
			sourceTree = "<group>";
		};
		EAB3B3EE1F39D99900F61136 /* LaunchScreen.storyboard */ = {
			isa = PBXVariantGroup;
			children = (
				EAB3B3EF1F39D99900F61136 /* Base */,
			);
			name = LaunchScreen.storyboard;
			sourceTree = "<group>";
		};
/* End PBXVariantGroup section */

/* Begin XCBuildConfiguration section */
		EAB3B4081F39D99900F61136 /* Debug */ = {
			isa = XCBuildConfiguration;
			buildSettings = {
				ALWAYS_SEARCH_USER_PATHS = NO;
				CLANG_ANALYZER_NONNULL = YES;
				CLANG_ANALYZER_NUMBER_OBJECT_CONVERSION = YES_AGGRESSIVE;
				CLANG_CXX_LANGUAGE_STANDARD = "gnu++0x";
				CLANG_CXX_LIBRARY = "libc++";
				CLANG_ENABLE_MODULES = YES;
				CLANG_ENABLE_OBJC_ARC = YES;
				CLANG_WARN_BOOL_CONVERSION = YES;
				CLANG_WARN_CONSTANT_CONVERSION = YES;
				CLANG_WARN_DIRECT_OBJC_ISA_USAGE = YES_ERROR;
				CLANG_WARN_DOCUMENTATION_COMMENTS = YES;
				CLANG_WARN_EMPTY_BODY = YES;
				CLANG_WARN_ENUM_CONVERSION = YES;
				CLANG_WARN_INFINITE_RECURSION = YES;
				CLANG_WARN_INT_CONVERSION = YES;
				CLANG_WARN_OBJC_ROOT_CLASS = YES_ERROR;
				CLANG_WARN_SUSPICIOUS_MOVE = YES;
				CLANG_WARN_UNREACHABLE_CODE = YES;
				CLANG_WARN__DUPLICATE_METHOD_MATCH = YES;
				"CODE_SIGN_IDENTITY[sdk=iphoneos*]" = "iPhone Developer";
				COPY_PHASE_STRIP = NO;
				DEBUG_INFORMATION_FORMAT = dwarf;
				ENABLE_STRICT_OBJC_MSGSEND = YES;
				ENABLE_TESTABILITY = YES;
				GCC_C_LANGUAGE_STANDARD = gnu99;
				GCC_DYNAMIC_NO_PIC = NO;
				GCC_NO_COMMON_BLOCKS = YES;
				GCC_OPTIMIZATION_LEVEL = 0;
				GCC_PREPROCESSOR_DEFINITIONS = (
					"DEBUG=1",
					"$(inherited)",
				);
				GCC_WARN_64_TO_32_BIT_CONVERSION = YES;
				GCC_WARN_ABOUT_RETURN_TYPE = YES_ERROR;
				GCC_WARN_UNDECLARED_SELECTOR = YES;
				GCC_WARN_UNINITIALIZED_AUTOS = YES_AGGRESSIVE;
				GCC_WARN_UNUSED_FUNCTION = YES;
				GCC_WARN_UNUSED_VARIABLE = YES;
				IPHONEOS_DEPLOYMENT_TARGET = 10.3;
				MTL_ENABLE_DEBUG_INFO = YES;
				ONLY_ACTIVE_ARCH = YES;
				SDKROOT = iphoneos;
				SWIFT_ACTIVE_COMPILATION_CONDITIONS = DEBUG;
				SWIFT_OPTIMIZATION_LEVEL = "-Onone";
			};
			name = Debug;
		};
		EAB3B4091F39D99900F61136 /* Release */ = {
			isa = XCBuildConfiguration;
			buildSettings = {
				ALWAYS_SEARCH_USER_PATHS = NO;
				CLANG_ANALYZER_NONNULL = YES;
				CLANG_ANALYZER_NUMBER_OBJECT_CONVERSION = YES_AGGRESSIVE;
				CLANG_CXX_LANGUAGE_STANDARD = "gnu++0x";
				CLANG_CXX_LIBRARY = "libc++";
				CLANG_ENABLE_MODULES = YES;
				CLANG_ENABLE_OBJC_ARC = YES;
				CLANG_WARN_BOOL_CONVERSION = YES;
				CLANG_WARN_CONSTANT_CONVERSION = YES;
				CLANG_WARN_DIRECT_OBJC_ISA_USAGE = YES_ERROR;
				CLANG_WARN_DOCUMENTATION_COMMENTS = YES;
				CLANG_WARN_EMPTY_BODY = YES;
				CLANG_WARN_ENUM_CONVERSION = YES;
				CLANG_WARN_INFINITE_RECURSION = YES;
				CLANG_WARN_INT_CONVERSION = YES;
				CLANG_WARN_OBJC_ROOT_CLASS = YES_ERROR;
				CLANG_WARN_SUSPICIOUS_MOVE = YES;
				CLANG_WARN_UNREACHABLE_CODE = YES;
				CLANG_WARN__DUPLICATE_METHOD_MATCH = YES;
				"CODE_SIGN_IDENTITY[sdk=iphoneos*]" = "iPhone Developer";
				COPY_PHASE_STRIP = NO;
				DEBUG_INFORMATION_FORMAT = "dwarf-with-dsym";
				ENABLE_NS_ASSERTIONS = NO;
				ENABLE_STRICT_OBJC_MSGSEND = YES;
				GCC_C_LANGUAGE_STANDARD = gnu99;
				GCC_NO_COMMON_BLOCKS = YES;
				GCC_WARN_64_TO_32_BIT_CONVERSION = YES;
				GCC_WARN_ABOUT_RETURN_TYPE = YES_ERROR;
				GCC_WARN_UNDECLARED_SELECTOR = YES;
				GCC_WARN_UNINITIALIZED_AUTOS = YES_AGGRESSIVE;
				GCC_WARN_UNUSED_FUNCTION = YES;
				GCC_WARN_UNUSED_VARIABLE = YES;
				IPHONEOS_DEPLOYMENT_TARGET = 10.3;
				MTL_ENABLE_DEBUG_INFO = NO;
				SDKROOT = iphoneos;
				SWIFT_OPTIMIZATION_LEVEL = "-Owholemodule";
				VALIDATE_PRODUCT = YES;
			};
			name = Release;
		};
		EAB3B40B1F39D99900F61136 /* Debug */ = {
			isa = XCBuildConfiguration;
			buildSettings = {
				ASSETCATALOG_COMPILER_APPICON_NAME = AppIcon;
				DEVELOPMENT_TEAM = 3K4TLB79RR;
				INFOPLIST_FILE = Graderr/Info.plist;
				LD_RUNPATH_SEARCH_PATHS = "$(inherited) @executable_path/Frameworks";
				PRODUCT_BUNDLE_IDENTIFIER = ststrong.Graderr;
				PRODUCT_NAME = "$(TARGET_NAME)";
				SWIFT_VERSION = 3.0;
			};
			name = Debug;
		};
		EAB3B40C1F39D99900F61136 /* Release */ = {
			isa = XCBuildConfiguration;
			buildSettings = {
				ASSETCATALOG_COMPILER_APPICON_NAME = AppIcon;
				DEVELOPMENT_TEAM = 3K4TLB79RR;
				INFOPLIST_FILE = Graderr/Info.plist;
				LD_RUNPATH_SEARCH_PATHS = "$(inherited) @executable_path/Frameworks";
				PRODUCT_BUNDLE_IDENTIFIER = ststrong.Graderr;
				PRODUCT_NAME = "$(TARGET_NAME)";
				SWIFT_VERSION = 3.0;
			};
			name = Release;
		};
		EAB3B40E1F39D99900F61136 /* Debug */ = {
			isa = XCBuildConfiguration;
			buildSettings = {
				ALWAYS_EMBED_SWIFT_STANDARD_LIBRARIES = YES;
				BUNDLE_LOADER = "$(TEST_HOST)";
				DEVELOPMENT_TEAM = 3K4TLB79RR;
				INFOPLIST_FILE = GraderrTests/Info.plist;
				LD_RUNPATH_SEARCH_PATHS = "$(inherited) @executable_path/Frameworks @loader_path/Frameworks";
				PRODUCT_BUNDLE_IDENTIFIER = ststrong.GraderrTests;
				PRODUCT_NAME = "$(TARGET_NAME)";
				SWIFT_VERSION = 3.0;
				TEST_HOST = "$(BUILT_PRODUCTS_DIR)/Graderr.app/Graderr";
			};
			name = Debug;
		};
		EAB3B40F1F39D99900F61136 /* Release */ = {
			isa = XCBuildConfiguration;
			buildSettings = {
				ALWAYS_EMBED_SWIFT_STANDARD_LIBRARIES = YES;
				BUNDLE_LOADER = "$(TEST_HOST)";
				DEVELOPMENT_TEAM = 3K4TLB79RR;
				INFOPLIST_FILE = GraderrTests/Info.plist;
				LD_RUNPATH_SEARCH_PATHS = "$(inherited) @executable_path/Frameworks @loader_path/Frameworks";
				PRODUCT_BUNDLE_IDENTIFIER = ststrong.GraderrTests;
				PRODUCT_NAME = "$(TARGET_NAME)";
				SWIFT_VERSION = 3.0;
				TEST_HOST = "$(BUILT_PRODUCTS_DIR)/Graderr.app/Graderr";
			};
			name = Release;
		};
		EAB3B4111F39D99900F61136 /* Debug */ = {
			isa = XCBuildConfiguration;
			buildSettings = {
				ALWAYS_EMBED_SWIFT_STANDARD_LIBRARIES = YES;
				DEVELOPMENT_TEAM = 3K4TLB79RR;
				INFOPLIST_FILE = GraderrUITests/Info.plist;
				LD_RUNPATH_SEARCH_PATHS = "$(inherited) @executable_path/Frameworks @loader_path/Frameworks";
				PRODUCT_BUNDLE_IDENTIFIER = ststrong.GraderrUITests;
				PRODUCT_NAME = "$(TARGET_NAME)";
				SWIFT_VERSION = 3.0;
				TEST_TARGET_NAME = Graderr;
			};
			name = Debug;
		};
		EAB3B4121F39D99900F61136 /* Release */ = {
			isa = XCBuildConfiguration;
			buildSettings = {
				ALWAYS_EMBED_SWIFT_STANDARD_LIBRARIES = YES;
				DEVELOPMENT_TEAM = 3K4TLB79RR;
				INFOPLIST_FILE = GraderrUITests/Info.plist;
				LD_RUNPATH_SEARCH_PATHS = "$(inherited) @executable_path/Frameworks @loader_path/Frameworks";
				PRODUCT_BUNDLE_IDENTIFIER = ststrong.GraderrUITests;
				PRODUCT_NAME = "$(TARGET_NAME)";
				SWIFT_VERSION = 3.0;
				TEST_TARGET_NAME = Graderr;
			};
			name = Release;
		};
/* End XCBuildConfiguration section */

/* Begin XCConfigurationList section */
		EAB3B3DA1F39D99900F61136 /* Build configuration list for PBXProject "Graderr" */ = {
			isa = XCConfigurationList;
			buildConfigurations = (
				EAB3B4081F39D99900F61136 /* Debug */,
				EAB3B4091F39D99900F61136 /* Release */,
			);
			defaultConfigurationIsVisible = 0;
			defaultConfigurationName = Release;
		};
		EAB3B40A1F39D99900F61136 /* Build configuration list for PBXNativeTarget "Graderr" */ = {
			isa = XCConfigurationList;
			buildConfigurations = (
				EAB3B40B1F39D99900F61136 /* Debug */,
				EAB3B40C1F39D99900F61136 /* Release */,
			);
			defaultConfigurationIsVisible = 0;
		};
		EAB3B40D1F39D99900F61136 /* Build configuration list for PBXNativeTarget "GraderrTests" */ = {
			isa = XCConfigurationList;
			buildConfigurations = (
				EAB3B40E1F39D99900F61136 /* Debug */,
				EAB3B40F1F39D99900F61136 /* Release */,
			);
			defaultConfigurationIsVisible = 0;
		};
		EAB3B4101F39D99900F61136 /* Build configuration list for PBXNativeTarget "GraderrUITests" */ = {
			isa = XCConfigurationList;
			buildConfigurations = (
				EAB3B4111F39D99900F61136 /* Debug */,
				EAB3B4121F39D99900F61136 /* Release */,
			);
			defaultConfigurationIsVisible = 0;
		};
/* End XCConfigurationList section */

/* Begin XCVersionGroup section */
		EAB3B3E91F39D99900F61136 /* Graderr.xcdatamodeld */ = {
			isa = XCVersionGroup;
			children = (
				EAB3B3EA1F39D99900F61136 /* Graderr.xcdatamodel */,
			);
			currentVersion = EAB3B3EA1F39D99900F61136 /* Graderr.xcdatamodel */;
			path = Graderr.xcdatamodeld;
			sourceTree = "<group>";
			versionGroupType = wrapper.xcdatamodel;
		};
/* End XCVersionGroup section */
	};
	rootObject = EAB3B3D71F39D99900F61136 /* Project object */;
}
